
Microsoft Visual Studio Solution File, Format Version 12.00
# Visual Studio Version 17
VisualStudioVersion = 17.5.002.0
MinimumVisualStudioVersion = 10.0.40219.1
Project("{2150E333-8FDC-42A3-9474-1A3956D46DE8}") = "csharp-prep", "csharp-prep", "{E9E318B7-0BD6-48C1-96C2-1449B6FAE33B}"
EndProject
Project("{9A19103F-16F7-4668-BE54-9A1E7A4F7556}") = "Prep1", "csharp-prep\Prep1\Prep1.csproj", "{DBA2EA2A-D32D-481E-9E8C-5221769D8EBE}"
EndProject
Project("{9A19103F-16F7-4668-BE54-9A1E7A4F7556}") = "Prep2", "csharp-prep\Prep2\Prep2.csproj", "{A08481F8-30C6-459B-8D91-C7926A2F35C1}"
EndProject
Project("{9A19103F-16F7-4668-BE54-9A1E7A4F7556}") = "Prep3", "csharp-prep\Prep3\Prep3.csproj", "{2DD13D30-5C50-4483-BF0E-4716FD087427}"
EndProject
Project("{9A19103F-16F7-4668-BE54-9A1E7A4F7556}") = "Prep4", "csharp-prep\Prep4\Prep4.csproj", "{C30DFB0A-B404-416B-A8EC-D75523FDCBF6}"
EndProject
Project("{9A19103F-16F7-4668-BE54-9A1E7A4F7556}") = "Prep5", "csharp-prep\Prep5\Prep5.csproj", "{C2231C36-D625-43C6-AE53-275D5F4D1C97}"
EndProject
Project("{2150E333-8FDC-42A3-9474-1A3956D46DE8}") = "final", "final", "{F390C181-0CAB-4939-BA44-61EAD920C6BB}"
EndProject
Project("{9A19103F-16F7-4668-BE54-9A1E7A4F7556}") = "FinalProject", "final\FinalProject\FinalProject.csproj", "{1B3B6651-2251-42D8-8452-7FCB116BB166}"
EndProject
Project("{9A19103F-16F7-4668-BE54-9A1E7A4F7556}") = "Foundation1", "final\Foundation1\Foundation1.csproj", "{81DD9346-B614-421E-B5D0-47B59A9ABD18}"
EndProject
Project("{9A19103F-16F7-4668-BE54-9A1E7A4F7556}") = "Foundation2", "final\Foundation2\Foundation2.csproj", "{26F7EB44-2556-49EF-A675-64A47253D74B}"
EndProject
Project("{9A19103F-16F7-4668-BE54-9A1E7A4F7556}") = "Foundation3", "final\Foundation3\Foundation3.csproj", "{30B4684A-E68A-445B-BA46-D8180854D4EE}"
EndProject
Project("{9A19103F-16F7-4668-BE54-9A1E7A4F7556}") = "Foundation4", "final\Foundation4\Foundation4.csproj", "{F4E947AD-479C-4B6A-B2A2-00F7220B9046}"
EndProject
Project("{2150E333-8FDC-42A3-9474-1A3956D46DE8}") = "prepare", "prepare", "{9E23B395-E815-4D8B-87AD-0B6E473C6888}"
EndProject
Project("{9A19103F-16F7-4668-BE54-9A1E7A4F7556}") = "Learning02", "prepare\Learning02\Learning02.csproj", "{6E158DA6-93E6-49B4-A02C-736A801457E8}"
EndProject
Project("{9A19103F-16F7-4668-BE54-9A1E7A4F7556}") = "Learning03", "prepare\Learning03\Learning03.csproj", "{EAC1626D-1766-4D0F-913C-AD4BF7112B02}"
EndProject
Project("{9A19103F-16F7-4668-BE54-9A1E7A4F7556}") = "Learning04", "prepare\Learning04\Learning04.csproj", "{DF5ED315-F29F-4EE1-A5CA-C8016BAB6E16}"
EndProject
Project("{9A19103F-16F7-4668-BE54-9A1E7A4F7556}") = "Learning05", "prepare\Learning05\Learning05.csproj", "{B12F869D-C16D-4FEF-959C-97981C64F202}"
EndProject
Project("{2150E333-8FDC-42A3-9474-1A3956D46DE8}") = "prove", "prove", "{8023BBBE-AAF3-4871-B0CD-2E04391AAC4D}"
EndProject
Project("{9A19103F-16F7-4668-BE54-9A1E7A4F7556}") = "Develop02", "prove\Develop02\Develop02.csproj", "{B3B8D2F2-75D6-405B-8C74-1B88B33301E4}"
EndProject
Project("{9A19103F-16F7-4668-BE54-9A1E7A4F7556}") = "Develop03", "prove\Develop03\Develop03.csproj", "{F93FA906-97A5-4BDA-8927-F065F8CD7057}"
EndProject
Project("{9A19103F-16F7-4668-BE54-9A1E7A4F7556}") = "Develop04", "prove\Develop04\Develop04.csproj", "{CA8CEEC5-B02C-494A-9551-B687C34FB57E}"
EndProject
Project("{9A19103F-16F7-4668-BE54-9A1E7A4F7556}") = "Develop05", "prove\Develop05\Develop05.csproj", "{04FFC356-F4E2-4BEA-B4DE-126AC1589AC2}"
EndProject
Project("{2150E333-8FDC-42A3-9474-1A3956D46DE8}") = "sandbox", "sandbox", "{D0B06EF6-B554-4713-B58F-D610686B6EA4}"
EndProject
Project("{9A19103F-16F7-4668-BE54-9A1E7A4F7556}") = "Sandbox", "sandbox\Sandbox\Sandbox.csproj", "{08175B96-9347-47DC-925B-57BCDA22C2CC}"
EndProject
Global
	GlobalSection(SolutionConfigurationPlatforms) = preSolution
		Debug|Any CPU = Debug|Any CPU
		Release|Any CPU = Release|Any CPU
	EndGlobalSection
	GlobalSection(ProjectConfigurationPlatforms) = postSolution
		{DBA2EA2A-D32D-481E-9E8C-5221769D8EBE}.Debug|Any CPU.ActiveCfg = Debug|Any CPU
		{DBA2EA2A-D32D-481E-9E8C-5221769D8EBE}.Debug|Any CPU.Build.0 = Debug|Any CPU
		{DBA2EA2A-D32D-481E-9E8C-5221769D8EBE}.Release|Any CPU.ActiveCfg = Release|Any CPU
		{DBA2EA2A-D32D-481E-9E8C-5221769D8EBE}.Release|Any CPU.Build.0 = Release|Any CPU
		{A08481F8-30C6-459B-8D91-C7926A2F35C1}.Debug|Any CPU.ActiveCfg = Debug|Any CPU
		{A08481F8-30C6-459B-8D91-C7926A2F35C1}.Debug|Any CPU.Build.0 = Debug|Any CPU
		{A08481F8-30C6-459B-8D91-C7926A2F35C1}.Release|Any CPU.ActiveCfg = Release|Any CPU
		{A08481F8-30C6-459B-8D91-C7926A2F35C1}.Release|Any CPU.Build.0 = Release|Any CPU
		{2DD13D30-5C50-4483-BF0E-4716FD087427}.Debug|Any CPU.ActiveCfg = Debug|Any CPU
		{2DD13D30-5C50-4483-BF0E-4716FD087427}.Debug|Any CPU.Build.0 = Debug|Any CPU
		{2DD13D30-5C50-4483-BF0E-4716FD087427}.Release|Any CPU.ActiveCfg = Release|Any CPU
		{2DD13D30-5C50-4483-BF0E-4716FD087427}.Release|Any CPU.Build.0 = Release|Any CPU
		{C30DFB0A-B404-416B-A8EC-D75523FDCBF6}.Debug|Any CPU.ActiveCfg = Debug|Any CPU
		{C30DFB0A-B404-416B-A8EC-D75523FDCBF6}.Debug|Any CPU.Build.0 = Debug|Any CPU
		{C30DFB0A-B404-416B-A8EC-D75523FDCBF6}.Release|Any CPU.ActiveCfg = Release|Any CPU
		{C30DFB0A-B404-416B-A8EC-D75523FDCBF6}.Release|Any CPU.Build.0 = Release|Any CPU
		{C2231C36-D625-43C6-AE53-275D5F4D1C97}.Debug|Any CPU.ActiveCfg = Debug|Any CPU
		{C2231C36-D625-43C6-AE53-275D5F4D1C97}.Debug|Any CPU.Build.0 = Debug|Any CPU
		{C2231C36-D625-43C6-AE53-275D5F4D1C97}.Release|Any CPU.ActiveCfg = Release|Any CPU
		{C2231C36-D625-43C6-AE53-275D5F4D1C97}.Release|Any CPU.Build.0 = Release|Any CPU
		{1B3B6651-2251-42D8-8452-7FCB116BB166}.Debug|Any CPU.ActiveCfg = Debug|Any CPU
		{1B3B6651-2251-42D8-8452-7FCB116BB166}.Debug|Any CPU.Build.0 = Debug|Any CPU
		{1B3B6651-2251-42D8-8452-7FCB116BB166}.Release|Any CPU.ActiveCfg = Release|Any CPU
		{1B3B6651-2251-42D8-8452-7FCB116BB166}.Release|Any CPU.Build.0 = Release|Any CPU
		{81DD9346-B614-421E-B5D0-47B59A9ABD18}.Debug|Any CPU.ActiveCfg = Debug|Any CPU
		{81DD9346-B614-421E-B5D0-47B59A9ABD18}.Debug|Any CPU.Build.0 = Debug|Any CPU
		{81DD9346-B614-421E-B5D0-47B59A9ABD18}.Release|Any CPU.ActiveCfg = Release|Any CPU
		{81DD9346-B614-421E-B5D0-47B59A9ABD18}.Release|Any CPU.Build.0 = Release|Any CPU
		{26F7EB44-2556-49EF-A675-64A47253D74B}.Debug|Any CPU.ActiveCfg = Debug|Any CPU
		{26F7EB44-2556-49EF-A675-64A47253D74B}.Debug|Any CPU.Build.0 = Debug|Any CPU
		{26F7EB44-2556-49EF-A675-64A47253D74B}.Release|Any CPU.ActiveCfg = Release|Any CPU
		{26F7EB44-2556-49EF-A675-64A47253D74B}.Release|Any CPU.Build.0 = Release|Any CPU
		{30B4684A-E68A-445B-BA46-D8180854D4EE}.Debug|Any CPU.ActiveCfg = Debug|Any CPU
		{30B4684A-E68A-445B-BA46-D8180854D4EE}.Debug|Any CPU.Build.0 = Debug|Any CPU
		{30B4684A-E68A-445B-BA46-D8180854D4EE}.Release|Any CPU.ActiveCfg = Release|Any CPU
		{30B4684A-E68A-445B-BA46-D8180854D4EE}.Release|Any CPU.Build.0 = Release|Any CPU
		{F4E947AD-479C-4B6A-B2A2-00F7220B9046}.Debug|Any CPU.ActiveCfg = Debug|Any CPU
		{F4E947AD-479C-4B6A-B2A2-00F7220B9046}.Debug|Any CPU.Build.0 = Debug|Any CPU
		{F4E947AD-479C-4B6A-B2A2-00F7220B9046}.Release|Any CPU.ActiveCfg = Release|Any CPU
		{F4E947AD-479C-4B6A-B2A2-00F7220B9046}.Release|Any CPU.Build.0 = Release|Any CPU
		{6E158DA6-93E6-49B4-A02C-736A801457E8}.Debug|Any CPU.ActiveCfg = Debug|Any CPU
		{6E158DA6-93E6-49B4-A02C-736A801457E8}.Debug|Any CPU.Build.0 = Debug|Any CPU
		{6E158DA6-93E6-49B4-A02C-736A801457E8}.Release|Any CPU.ActiveCfg = Release|Any CPU
		{6E158DA6-93E6-49B4-A02C-736A801457E8}.Release|Any CPU.Build.0 = Release|Any CPU
		{EAC1626D-1766-4D0F-913C-AD4BF7112B02}.Debug|Any CPU.ActiveCfg = Debug|Any CPU
		{EAC1626D-1766-4D0F-913C-AD4BF7112B02}.Debug|Any CPU.Build.0 = Debug|Any CPU
		{EAC1626D-1766-4D0F-913C-AD4BF7112B02}.Release|Any CPU.ActiveCfg = Release|Any CPU
		{EAC1626D-1766-4D0F-913C-AD4BF7112B02}.Release|Any CPU.Build.0 = Release|Any CPU
		{DF5ED315-F29F-4EE1-A5CA-C8016BAB6E16}.Debug|Any CPU.ActiveCfg = Debug|Any CPU
		{DF5ED315-F29F-4EE1-A5CA-C8016BAB6E16}.Debug|Any CPU.Build.0 = Debug|Any CPU
		{DF5ED315-F29F-4EE1-A5CA-C8016BAB6E16}.Release|Any CPU.ActiveCfg = Release|Any CPU
		{DF5ED315-F29F-4EE1-A5CA-C8016BAB6E16}.Release|Any CPU.Build.0 = Release|Any CPU
		{B12F869D-C16D-4FEF-959C-97981C64F202}.Debug|Any CPU.ActiveCfg = Debug|Any CPU
		{B12F869D-C16D-4FEF-959C-97981C64F202}.Debug|Any CPU.Build.0 = Debug|Any CPU
		{B12F869D-C16D-4FEF-959C-97981C64F202}.Release|Any CPU.ActiveCfg = Release|Any CPU
		{B12F869D-C16D-4FEF-959C-97981C64F202}.Release|Any CPU.Build.0 = Release|Any CPU
		{B3B8D2F2-75D6-405B-8C74-1B88B33301E4}.Debug|Any CPU.ActiveCfg = Debug|Any CPU
		{B3B8D2F2-75D6-405B-8C74-1B88B33301E4}.Debug|Any CPU.Build.0 = Debug|Any CPU
		{B3B8D2F2-75D6-405B-8C74-1B88B33301E4}.Release|Any CPU.ActiveCfg = Release|Any CPU
		{B3B8D2F2-75D6-405B-8C74-1B88B33301E4}.Release|Any CPU.Build.0 = Release|Any CPU
		{F93FA906-97A5-4BDA-8927-F065F8CD7057}.Debug|Any CPU.ActiveCfg = Debug|Any CPU
		{F93FA906-97A5-4BDA-8927-F065F8CD7057}.Debug|Any CPU.Build.0 = Debug|Any CPU
		{F93FA906-97A5-4BDA-8927-F065F8CD7057}.Release|Any CPU.ActiveCfg = Release|Any CPU
		{F93FA906-97A5-4BDA-8927-F065F8CD7057}.Release|Any CPU.Build.0 = Release|Any CPU
		{CA8CEEC5-B02C-494A-9551-B687C34FB57E}.Debug|Any CPU.ActiveCfg = Debug|Any CPU
		{CA8CEEC5-B02C-494A-9551-B687C34FB57E}.Debug|Any CPU.Build.0 = Debug|Any CPU
		{CA8CEEC5-B02C-494A-9551-B687C34FB57E}.Release|Any CPU.ActiveCfg = Release|Any CPU
		{CA8CEEC5-B02C-494A-9551-B687C34FB57E}.Release|Any CPU.Build.0 = Release|Any CPU
		{04FFC356-F4E2-4BEA-B4DE-126AC1589AC2}.Debug|Any CPU.ActiveCfg = Debug|Any CPU
		{04FFC356-F4E2-4BEA-B4DE-126AC1589AC2}.Debug|Any CPU.Build.0 = Debug|Any CPU
		{04FFC356-F4E2-4BEA-B4DE-126AC1589AC2}.Release|Any CPU.ActiveCfg = Release|Any CPU
		{04FFC356-F4E2-4BEA-B4DE-126AC1589AC2}.Release|Any CPU.Build.0 = Release|Any CPU
		{08175B96-9347-47DC-925B-57BCDA22C2CC}.Debug|Any CPU.ActiveCfg = Debug|Any CPU
		{08175B96-9347-47DC-925B-57BCDA22C2CC}.Debug|Any CPU.Build.0 = Debug|Any CPU
		{08175B96-9347-47DC-925B-57BCDA22C2CC}.Release|Any CPU.ActiveCfg = Release|Any CPU
		{08175B96-9347-47DC-925B-57BCDA22C2CC}.Release|Any CPU.Build.0 = Release|Any CPU
	EndGlobalSection
	GlobalSection(SolutionProperties) = preSolution
		HideSolutionNode = FALSE
	EndGlobalSection
	GlobalSection(NestedProjects) = preSolution
		{DBA2EA2A-D32D-481E-9E8C-5221769D8EBE} = {E9E318B7-0BD6-48C1-96C2-1449B6FAE33B}
		{A08481F8-30C6-459B-8D91-C7926A2F35C1} = {E9E318B7-0BD6-48C1-96C2-1449B6FAE33B}
		{2DD13D30-5C50-4483-BF0E-4716FD087427} = {E9E318B7-0BD6-48C1-96C2-1449B6FAE33B}
		{C30DFB0A-B404-416B-A8EC-D75523FDCBF6} = {E9E318B7-0BD6-48C1-96C2-1449B6FAE33B}
		{C2231C36-D625-43C6-AE53-275D5F4D1C97} = {E9E318B7-0BD6-48C1-96C2-1449B6FAE33B}
		{1B3B6651-2251-42D8-8452-7FCB116BB166} = {F390C181-0CAB-4939-BA44-61EAD920C6BB}
		{81DD9346-B614-421E-B5D0-47B59A9ABD18} = {F390C181-0CAB-4939-BA44-61EAD920C6BB}
		{26F7EB44-2556-49EF-A675-64A47253D74B} = {F390C181-0CAB-4939-BA44-61EAD920C6BB}
		{30B4684A-E68A-445B-BA46-D8180854D4EE} = {F390C181-0CAB-4939-BA44-61EAD920C6BB}
		{F4E947AD-479C-4B6A-B2A2-00F7220B9046} = {F390C181-0CAB-4939-BA44-61EAD920C6BB}
		{6E158DA6-93E6-49B4-A02C-736A801457E8} = {9E23B395-E815-4D8B-87AD-0B6E473C6888}
		{EAC1626D-1766-4D0F-913C-AD4BF7112B02} = {9E23B395-E815-4D8B-87AD-0B6E473C6888}
		{DF5ED315-F29F-4EE1-A5CA-C8016BAB6E16} = {9E23B395-E815-4D8B-87AD-0B6E473C6888}
		{B12F869D-C16D-4FEF-959C-97981C64F202} = {9E23B395-E815-4D8B-87AD-0B6E473C6888}
		{B3B8D2F2-75D6-405B-8C74-1B88B33301E4} = {8023BBBE-AAF3-4871-B0CD-2E04391AAC4D}
		{F93FA906-97A5-4BDA-8927-F065F8CD7057} = {8023BBBE-AAF3-4871-B0CD-2E04391AAC4D}
		{CA8CEEC5-B02C-494A-9551-B687C34FB57E} = {8023BBBE-AAF3-4871-B0CD-2E04391AAC4D}
		{04FFC356-F4E2-4BEA-B4DE-126AC1589AC2} = {8023BBBE-AAF3-4871-B0CD-2E04391AAC4D}
		{08175B96-9347-47DC-925B-57BCDA22C2CC} = {D0B06EF6-B554-4713-B58F-D610686B6EA4}
	EndGlobalSection
	GlobalSection(ExtensibilityGlobals) = postSolution
		SolutionGuid = {6BBB121F-EF92-4F08-ACC9-1A38DEAB6335}
	EndGlobalSection
EndGlobal
